
Microsoft Visual Studio Solution File, Format Version 12.00
# Visual Studio 15
VisualStudioVersion = 15.0.27703.2035
MinimumVisualStudioVersion = 10.0.40219.1
Project("{9A19103F-16F7-4668-BE54-9A1E7A4F7556}") = "FormsGesture", "FormsGesture\FormsGesture.csproj", "{051CF2E5-9723-4275-863F-855E1AA8AC5F}"
EndProject
Project("{2150E333-8FDC-42A3-9474-1A3956D46DE8}") = "Demo", "Demo", "{0BDA4053-E61A-455E-878D-D596385C4621}"
EndProject
Project("{FAE04EC0-301F-11D3-BF4B-00C04F79EFBC}") = "TouchTest.Android", "TouchTest\TouchTest.Android\TouchTest.Android.csproj", "{51F6D6CA-4005-49AF-BC57-07C4F9E79255}"
EndProject
Project("{FAE04EC0-301F-11D3-BF4B-00C04F79EFBC}") = "TouchTest.iOS", "TouchTest\TouchTest.iOS\TouchTest.iOS.csproj", "{9BC8DF1A-BB50-4C1E-9797-7583A3B827C8}"
EndProject
Project("{FAE04EC0-301F-11D3-BF4B-00C04F79EFBC}") = "TouchTest.UWP", "TouchTest\TouchTest.UWP\TouchTest.UWP.csproj", "{C28A46B8-A850-4A40-80BF-C2387EBC0C98}"
EndProject
Project("{FAE04EC0-301F-11D3-BF4B-00C04F79EFBC}") = "TouchTest", "TouchTest\TouchTest\TouchTest.csproj", "{C5817A59-E491-4B61-84D7-B2B742DD9369}"
EndProject
Global
	GlobalSection(SolutionConfigurationPlatforms) = preSolution
		Ad-Hoc|Any CPU = Ad-Hoc|Any CPU
		Ad-Hoc|ARM = Ad-Hoc|ARM
		Ad-Hoc|iPhone = Ad-Hoc|iPhone
		Ad-Hoc|iPhoneSimulator = Ad-Hoc|iPhoneSimulator
		Ad-Hoc|x64 = Ad-Hoc|x64
		Ad-Hoc|x86 = Ad-Hoc|x86
		AppStore|Any CPU = AppStore|Any CPU
		AppStore|ARM = AppStore|ARM
		AppStore|iPhone = AppStore|iPhone
		AppStore|iPhoneSimulator = AppStore|iPhoneSimulator
		AppStore|x64 = AppStore|x64
		AppStore|x86 = AppStore|x86
		Debug|Any CPU = Debug|Any CPU
		Debug|ARM = Debug|ARM
		Debug|iPhone = Debug|iPhone
		Debug|iPhoneSimulator = Debug|iPhoneSimulator
		Debug|x64 = Debug|x64
		Debug|x86 = Debug|x86
		Release|Any CPU = Release|Any CPU
		Release|ARM = Release|ARM
		Release|iPhone = Release|iPhone
		Release|iPhoneSimulator = Release|iPhoneSimulator
		Release|x64 = Release|x64
		Release|x86 = Release|x86
	EndGlobalSection
	GlobalSection(ProjectConfigurationPlatforms) = postSolution
		{051CF2E5-9723-4275-863F-855E1AA8AC5F}.Ad-Hoc|Any CPU.ActiveCfg = Release|Any CPU
		{051CF2E5-9723-4275-863F-855E1AA8AC5F}.Ad-Hoc|Any CPU.Build.0 = Release|Any CPU
		{051CF2E5-9723-4275-863F-855E1AA8AC5F}.Ad-Hoc|ARM.ActiveCfg = Release|Any CPU
		{051CF2E5-9723-4275-863F-855E1AA8AC5F}.Ad-Hoc|ARM.Build.0 = Release|Any CPU
		{051CF2E5-9723-4275-863F-855E1AA8AC5F}.Ad-Hoc|iPhone.ActiveCfg = Release|Any CPU
		{051CF2E5-9723-4275-863F-855E1AA8AC5F}.Ad-Hoc|iPhone.Build.0 = Release|Any CPU
		{051CF2E5-9723-4275-863F-855E1AA8AC5F}.Ad-Hoc|iPhoneSimulator.ActiveCfg = Release|Any CPU
		{051CF2E5-9723-4275-863F-855E1AA8AC5F}.Ad-Hoc|iPhoneSimulator.Build.0 = Release|Any CPU
		{051CF2E5-9723-4275-863F-855E1AA8AC5F}.Ad-Hoc|x64.ActiveCfg = Release|Any CPU
		{051CF2E5-9723-4275-863F-855E1AA8AC5F}.Ad-Hoc|x64.Build.0 = Release|Any CPU
		{051CF2E5-9723-4275-863F-855E1AA8AC5F}.Ad-Hoc|x86.ActiveCfg = Release|Any CPU
		{051CF2E5-9723-4275-863F-855E1AA8AC5F}.Ad-Hoc|x86.Build.0 = Release|Any CPU
		{051CF2E5-9723-4275-863F-855E1AA8AC5F}.AppStore|Any CPU.ActiveCfg = Release|Any CPU
		{051CF2E5-9723-4275-863F-855E1AA8AC5F}.AppStore|Any CPU.Build.0 = Release|Any CPU
		{051CF2E5-9723-4275-863F-855E1AA8AC5F}.AppStore|ARM.ActiveCfg = Release|Any CPU
		{051CF2E5-9723-4275-863F-855E1AA8AC5F}.AppStore|ARM.Build.0 = Release|Any CPU
		{051CF2E5-9723-4275-863F-855E1AA8AC5F}.AppStore|iPhone.ActiveCfg = Release|Any CPU
		{051CF2E5-9723-4275-863F-855E1AA8AC5F}.AppStore|iPhone.Build.0 = Release|Any CPU
		{051CF2E5-9723-4275-863F-855E1AA8AC5F}.AppStore|iPhoneSimulator.ActiveCfg = Release|Any CPU
		{051CF2E5-9723-4275-863F-855E1AA8AC5F}.AppStore|iPhoneSimulator.Build.0 = Release|Any CPU
		{051CF2E5-9723-4275-863F-855E1AA8AC5F}.AppStore|x64.ActiveCfg = Release|Any CPU
		{051CF2E5-9723-4275-863F-855E1AA8AC5F}.AppStore|x64.Build.0 = Release|Any CPU
		{051CF2E5-9723-4275-863F-855E1AA8AC5F}.AppStore|x86.ActiveCfg = Release|Any CPU
		{051CF2E5-9723-4275-863F-855E1AA8AC5F}.AppStore|x86.Build.0 = Release|Any CPU
		{051CF2E5-9723-4275-863F-855E1AA8AC5F}.Debug|Any CPU.ActiveCfg = Debug|Any CPU
		{051CF2E5-9723-4275-863F-855E1AA8AC5F}.Debug|Any CPU.Build.0 = Debug|Any CPU
		{051CF2E5-9723-4275-863F-855E1AA8AC5F}.Debug|ARM.ActiveCfg = Debug|Any CPU
		{051CF2E5-9723-4275-863F-855E1AA8AC5F}.Debug|ARM.Build.0 = Debug|Any CPU
		{051CF2E5-9723-4275-863F-855E1AA8AC5F}.Debug|iPhone.ActiveCfg = Debug|Any CPU
		{051CF2E5-9723-4275-863F-855E1AA8AC5F}.Debug|iPhone.Build.0 = Debug|Any CPU
		{051CF2E5-9723-4275-863F-855E1AA8AC5F}.Debug|iPhoneSimulator.ActiveCfg = Debug|Any CPU
		{051CF2E5-9723-4275-863F-855E1AA8AC5F}.Debug|iPhoneSimulator.Build.0 = Debug|Any CPU
		{051CF2E5-9723-4275-863F-855E1AA8AC5F}.Debug|x64.ActiveCfg = Debug|Any CPU
		{051CF2E5-9723-4275-863F-855E1AA8AC5F}.Debug|x64.Build.0 = Debug|Any CPU
		{051CF2E5-9723-4275-863F-855E1AA8AC5F}.Debug|x86.ActiveCfg = Debug|Any CPU
		{051CF2E5-9723-4275-863F-855E1AA8AC5F}.Debug|x86.Build.0 = Debug|Any CPU
		{051CF2E5-9723-4275-863F-855E1AA8AC5F}.Release|Any CPU.ActiveCfg = Release|Any CPU
		{051CF2E5-9723-4275-863F-855E1AA8AC5F}.Release|Any CPU.Build.0 = Release|Any CPU
		{051CF2E5-9723-4275-863F-855E1AA8AC5F}.Release|ARM.ActiveCfg = Release|Any CPU
		{051CF2E5-9723-4275-863F-855E1AA8AC5F}.Release|ARM.Build.0 = Release|Any CPU
		{051CF2E5-9723-4275-863F-855E1AA8AC5F}.Release|iPhone.ActiveCfg = Release|Any CPU
		{051CF2E5-9723-4275-863F-855E1AA8AC5F}.Release|iPhone.Build.0 = Release|Any CPU
		{051CF2E5-9723-4275-863F-855E1AA8AC5F}.Release|iPhoneSimulator.ActiveCfg = Release|Any CPU
		{051CF2E5-9723-4275-863F-855E1AA8AC5F}.Release|iPhoneSimulator.Build.0 = Release|Any CPU
		{051CF2E5-9723-4275-863F-855E1AA8AC5F}.Release|x64.ActiveCfg = Release|Any CPU
		{051CF2E5-9723-4275-863F-855E1AA8AC5F}.Release|x64.Build.0 = Release|Any CPU
		{051CF2E5-9723-4275-863F-855E1AA8AC5F}.Release|x86.ActiveCfg = Release|Any CPU
		{051CF2E5-9723-4275-863F-855E1AA8AC5F}.Release|x86.Build.0 = Release|Any CPU
		{51F6D6CA-4005-49AF-BC57-07C4F9E79255}.Ad-Hoc|Any CPU.ActiveCfg = Release|Any CPU
		{51F6D6CA-4005-49AF-BC57-07C4F9E79255}.Ad-Hoc|Any CPU.Build.0 = Release|Any CPU
		{51F6D6CA-4005-49AF-BC57-07C4F9E79255}.Ad-Hoc|Any CPU.Deploy.0 = Release|Any CPU
		{51F6D6CA-4005-49AF-BC57-07C4F9E79255}.Ad-Hoc|ARM.ActiveCfg = Release|Any CPU
		{51F6D6CA-4005-49AF-BC57-07C4F9E79255}.Ad-Hoc|ARM.Build.0 = Release|Any CPU
		{51F6D6CA-4005-49AF-BC57-07C4F9E79255}.Ad-Hoc|ARM.Deploy.0 = Release|Any CPU
		{51F6D6CA-4005-49AF-BC57-07C4F9E79255}.Ad-Hoc|iPhone.ActiveCfg = Release|Any CPU
		{51F6D6CA-4005-49AF-BC57-07C4F9E79255}.Ad-Hoc|iPhone.Build.0 = Release|Any CPU
		{51F6D6CA-4005-49AF-BC57-07C4F9E79255}.Ad-Hoc|iPhone.Deploy.0 = Release|Any CPU
		{51F6D6CA-4005-49AF-BC57-07C4F9E79255}.Ad-Hoc|iPhoneSimulator.ActiveCfg = Release|Any CPU
		{51F6D6CA-4005-49AF-BC57-07C4F9E79255}.Ad-Hoc|iPhoneSimulator.Build.0 = Release|Any CPU
		{51F6D6CA-4005-49AF-BC57-07C4F9E79255}.Ad-Hoc|iPhoneSimulator.Deploy.0 = Release|Any CPU
		{51F6D6CA-4005-49AF-BC57-07C4F9E79255}.Ad-Hoc|x64.ActiveCfg = Release|Any CPU
		{51F6D6CA-4005-49AF-BC57-07C4F9E79255}.Ad-Hoc|x64.Build.0 = Release|Any CPU
		{51F6D6CA-4005-49AF-BC57-07C4F9E79255}.Ad-Hoc|x64.Deploy.0 = Release|Any CPU
		{51F6D6CA-4005-49AF-BC57-07C4F9E79255}.Ad-Hoc|x86.ActiveCfg = Release|Any CPU
		{51F6D6CA-4005-49AF-BC57-07C4F9E79255}.Ad-Hoc|x86.Build.0 = Release|Any CPU
		{51F6D6CA-4005-49AF-BC57-07C4F9E79255}.Ad-Hoc|x86.Deploy.0 = Release|Any CPU
		{51F6D6CA-4005-49AF-BC57-07C4F9E79255}.AppStore|Any CPU.ActiveCfg = Release|Any CPU
		{51F6D6CA-4005-49AF-BC57-07C4F9E79255}.AppStore|Any CPU.Build.0 = Release|Any CPU
		{51F6D6CA-4005-49AF-BC57-07C4F9E79255}.AppStore|Any CPU.Deploy.0 = Release|Any CPU
		{51F6D6CA-4005-49AF-BC57-07C4F9E79255}.AppStore|ARM.ActiveCfg = Release|Any CPU
		{51F6D6CA-4005-49AF-BC57-07C4F9E79255}.AppStore|ARM.Build.0 = Release|Any CPU
		{51F6D6CA-4005-49AF-BC57-07C4F9E79255}.AppStore|ARM.Deploy.0 = Release|Any CPU
		{51F6D6CA-4005-49AF-BC57-07C4F9E79255}.AppStore|iPhone.ActiveCfg = Release|Any CPU
		{51F6D6CA-4005-49AF-BC57-07C4F9E79255}.AppStore|iPhone.Build.0 = Release|Any CPU
		{51F6D6CA-4005-49AF-BC57-07C4F9E79255}.AppStore|iPhone.Deploy.0 = Release|Any CPU
		{51F6D6CA-4005-49AF-BC57-07C4F9E79255}.AppStore|iPhoneSimulator.ActiveCfg = Release|Any CPU
		{51F6D6CA-4005-49AF-BC57-07C4F9E79255}.AppStore|iPhoneSimulator.Build.0 = Release|Any CPU
		{51F6D6CA-4005-49AF-BC57-07C4F9E79255}.AppStore|iPhoneSimulator.Deploy.0 = Release|Any CPU
		{51F6D6CA-4005-49AF-BC57-07C4F9E79255}.AppStore|x64.ActiveCfg = Release|Any CPU
		{51F6D6CA-4005-49AF-BC57-07C4F9E79255}.AppStore|x64.Build.0 = Release|Any CPU
		{51F6D6CA-4005-49AF-BC57-07C4F9E79255}.AppStore|x64.Deploy.0 = Release|Any CPU
		{51F6D6CA-4005-49AF-BC57-07C4F9E79255}.AppStore|x86.ActiveCfg = Release|Any CPU
		{51F6D6CA-4005-49AF-BC57-07C4F9E79255}.AppStore|x86.Build.0 = Release|Any CPU
		{51F6D6CA-4005-49AF-BC57-07C4F9E79255}.AppStore|x86.Deploy.0 = Release|Any CPU
		{51F6D6CA-4005-49AF-BC57-07C4F9E79255}.Debug|Any CPU.ActiveCfg = Debug|Any CPU
		{51F6D6CA-4005-49AF-BC57-07C4F9E79255}.Debug|Any CPU.Build.0 = Debug|Any CPU
		{51F6D6CA-4005-49AF-BC57-07C4F9E79255}.Debug|Any CPU.Deploy.0 = Debug|Any CPU
		{51F6D6CA-4005-49AF-BC57-07C4F9E79255}.Debug|ARM.ActiveCfg = Debug|Any CPU
		{51F6D6CA-4005-49AF-BC57-07C4F9E79255}.Debug|ARM.Build.0 = Debug|Any CPU
		{51F6D6CA-4005-49AF-BC57-07C4F9E79255}.Debug|ARM.Deploy.0 = Debug|Any CPU
		{51F6D6CA-4005-49AF-BC57-07C4F9E79255}.Debug|iPhone.ActiveCfg = Debug|Any CPU
		{51F6D6CA-4005-49AF-BC57-07C4F9E79255}.Debug|iPhone.Build.0 = Debug|Any CPU
		{51F6D6CA-4005-49AF-BC57-07C4F9E79255}.Debug|iPhone.Deploy.0 = Debug|Any CPU
		{51F6D6CA-4005-49AF-BC57-07C4F9E79255}.Debug|iPhoneSimulator.ActiveCfg = Debug|Any CPU
		{51F6D6CA-4005-49AF-BC57-07C4F9E79255}.Debug|iPhoneSimulator.Build.0 = Debug|Any CPU
		{51F6D6CA-4005-49AF-BC57-07C4F9E79255}.Debug|iPhoneSimulator.Deploy.0 = Debug|Any CPU
		{51F6D6CA-4005-49AF-BC57-07C4F9E79255}.Debug|x64.ActiveCfg = Debug|Any CPU
		{51F6D6CA-4005-49AF-BC57-07C4F9E79255}.Debug|x64.Build.0 = Debug|Any CPU
		{51F6D6CA-4005-49AF-BC57-07C4F9E79255}.Debug|x64.Deploy.0 = Debug|Any CPU
		{51F6D6CA-4005-49AF-BC57-07C4F9E79255}.Debug|x86.ActiveCfg = Debug|Any CPU
		{51F6D6CA-4005-49AF-BC57-07C4F9E79255}.Debug|x86.Build.0 = Debug|Any CPU
		{51F6D6CA-4005-49AF-BC57-07C4F9E79255}.Debug|x86.Deploy.0 = Debug|Any CPU
		{51F6D6CA-4005-49AF-BC57-07C4F9E79255}.Release|Any CPU.ActiveCfg = Release|Any CPU
		{51F6D6CA-4005-49AF-BC57-07C4F9E79255}.Release|Any CPU.Build.0 = Release|Any CPU
		{51F6D6CA-4005-49AF-BC57-07C4F9E79255}.Release|Any CPU.Deploy.0 = Release|Any CPU
		{51F6D6CA-4005-49AF-BC57-07C4F9E79255}.Release|ARM.ActiveCfg = Release|Any CPU
		{51F6D6CA-4005-49AF-BC57-07C4F9E79255}.Release|ARM.Build.0 = Release|Any CPU
		{51F6D6CA-4005-49AF-BC57-07C4F9E79255}.Release|ARM.Deploy.0 = Release|Any CPU
		{51F6D6CA-4005-49AF-BC57-07C4F9E79255}.Release|iPhone.ActiveCfg = Release|Any CPU
		{51F6D6CA-4005-49AF-BC57-07C4F9E79255}.Release|iPhone.Build.0 = Release|Any CPU
		{51F6D6CA-4005-49AF-BC57-07C4F9E79255}.Release|iPhone.Deploy.0 = Release|Any CPU
		{51F6D6CA-4005-49AF-BC57-07C4F9E79255}.Release|iPhoneSimulator.ActiveCfg = Release|Any CPU
		{51F6D6CA-4005-49AF-BC57-07C4F9E79255}.Release|iPhoneSimulator.Build.0 = Release|Any CPU
		{51F6D6CA-4005-49AF-BC57-07C4F9E79255}.Release|iPhoneSimulator.Deploy.0 = Release|Any CPU
		{51F6D6CA-4005-49AF-BC57-07C4F9E79255}.Release|x64.ActiveCfg = Release|Any CPU
		{51F6D6CA-4005-49AF-BC57-07C4F9E79255}.Release|x64.Build.0 = Release|Any CPU
		{51F6D6CA-4005-49AF-BC57-07C4F9E79255}.Release|x64.Deploy.0 = Release|Any CPU
		{51F6D6CA-4005-49AF-BC57-07C4F9E79255}.Release|x86.ActiveCfg = Release|Any CPU
		{51F6D6CA-4005-49AF-BC57-07C4F9E79255}.Release|x86.Build.0 = Release|Any CPU
		{51F6D6CA-4005-49AF-BC57-07C4F9E79255}.Release|x86.Deploy.0 = Release|Any CPU
		{9BC8DF1A-BB50-4C1E-9797-7583A3B827C8}.Ad-Hoc|Any CPU.ActiveCfg = Ad-Hoc|iPhone
		{9BC8DF1A-BB50-4C1E-9797-7583A3B827C8}.Ad-Hoc|ARM.ActiveCfg = Ad-Hoc|iPhone
		{9BC8DF1A-BB50-4C1E-9797-7583A3B827C8}.Ad-Hoc|iPhone.ActiveCfg = Ad-Hoc|iPhone
		{9BC8DF1A-BB50-4C1E-9797-7583A3B827C8}.Ad-Hoc|iPhone.Build.0 = Ad-Hoc|iPhone
		{9BC8DF1A-BB50-4C1E-9797-7583A3B827C8}.Ad-Hoc|iPhoneSimulator.ActiveCfg = Ad-Hoc|iPhoneSimulator
		{9BC8DF1A-BB50-4C1E-9797-7583A3B827C8}.Ad-Hoc|iPhoneSimulator.Build.0 = Ad-Hoc|iPhoneSimulator
		{9BC8DF1A-BB50-4C1E-9797-7583A3B827C8}.Ad-Hoc|x64.ActiveCfg = Ad-Hoc|iPhone
		{9BC8DF1A-BB50-4C1E-9797-7583A3B827C8}.Ad-Hoc|x86.ActiveCfg = Ad-Hoc|iPhone
		{9BC8DF1A-BB50-4C1E-9797-7583A3B827C8}.AppStore|Any CPU.ActiveCfg = AppStore|iPhone
		{9BC8DF1A-BB50-4C1E-9797-7583A3B827C8}.AppStore|ARM.ActiveCfg = AppStore|iPhone
		{9BC8DF1A-BB50-4C1E-9797-7583A3B827C8}.AppStore|iPhone.ActiveCfg = AppStore|iPhone
		{9BC8DF1A-BB50-4C1E-9797-7583A3B827C8}.AppStore|iPhone.Build.0 = AppStore|iPhone
		{9BC8DF1A-BB50-4C1E-9797-7583A3B827C8}.AppStore|iPhoneSimulator.ActiveCfg = AppStore|iPhoneSimulator
		{9BC8DF1A-BB50-4C1E-9797-7583A3B827C8}.AppStore|iPhoneSimulator.Build.0 = AppStore|iPhoneSimulator
		{9BC8DF1A-BB50-4C1E-9797-7583A3B827C8}.AppStore|x64.ActiveCfg = AppStore|iPhone
		{9BC8DF1A-BB50-4C1E-9797-7583A3B827C8}.AppStore|x86.ActiveCfg = AppStore|iPhone
		{9BC8DF1A-BB50-4C1E-9797-7583A3B827C8}.Debug|Any CPU.ActiveCfg = Debug|iPhone
		{9BC8DF1A-BB50-4C1E-9797-7583A3B827C8}.Debug|ARM.ActiveCfg = Debug|iPhone
		{9BC8DF1A-BB50-4C1E-9797-7583A3B827C8}.Debug|iPhone.ActiveCfg = Debug|iPhone
		{9BC8DF1A-BB50-4C1E-9797-7583A3B827C8}.Debug|iPhone.Build.0 = Debug|iPhone
		{9BC8DF1A-BB50-4C1E-9797-7583A3B827C8}.Debug|iPhoneSimulator.ActiveCfg = Debug|iPhoneSimulator
		{9BC8DF1A-BB50-4C1E-9797-7583A3B827C8}.Debug|iPhoneSimulator.Build.0 = Debug|iPhoneSimulator
		{9BC8DF1A-BB50-4C1E-9797-7583A3B827C8}.Debug|x64.ActiveCfg = Debug|iPhone
		{9BC8DF1A-BB50-4C1E-9797-7583A3B827C8}.Debug|x86.ActiveCfg = Debug|iPhone
		{9BC8DF1A-BB50-4C1E-9797-7583A3B827C8}.Release|Any CPU.ActiveCfg = Release|iPhone
		{9BC8DF1A-BB50-4C1E-9797-7583A3B827C8}.Release|ARM.ActiveCfg = Release|iPhone
		{9BC8DF1A-BB50-4C1E-9797-7583A3B827C8}.Release|iPhone.ActiveCfg = Release|iPhone
		{9BC8DF1A-BB50-4C1E-9797-7583A3B827C8}.Release|iPhone.Build.0 = Release|iPhone
		{9BC8DF1A-BB50-4C1E-9797-7583A3B827C8}.Release|iPhoneSimulator.ActiveCfg = Release|iPhoneSimulator
		{9BC8DF1A-BB50-4C1E-9797-7583A3B827C8}.Release|iPhoneSimulator.Build.0 = Release|iPhoneSimulator
		{9BC8DF1A-BB50-4C1E-9797-7583A3B827C8}.Release|x64.ActiveCfg = Release|iPhone
		{9BC8DF1A-BB50-4C1E-9797-7583A3B827C8}.Release|x86.ActiveCfg = Release|iPhone
		{C28A46B8-A850-4A40-80BF-C2387EBC0C98}.Ad-Hoc|Any CPU.ActiveCfg = Release|x86
		{C28A46B8-A850-4A40-80BF-C2387EBC0C98}.Ad-Hoc|Any CPU.Build.0 = Release|x86
		{C28A46B8-A850-4A40-80BF-C2387EBC0C98}.Ad-Hoc|Any CPU.Deploy.0 = Release|x86
		{C28A46B8-A850-4A40-80BF-C2387EBC0C98}.Ad-Hoc|ARM.ActiveCfg = Release|ARM
		{C28A46B8-A850-4A40-80BF-C2387EBC0C98}.Ad-Hoc|ARM.Build.0 = Release|ARM
		{C28A46B8-A850-4A40-80BF-C2387EBC0C98}.Ad-Hoc|ARM.Deploy.0 = Release|ARM
		{C28A46B8-A850-4A40-80BF-C2387EBC0C98}.Ad-Hoc|iPhone.ActiveCfg = Release|x86
		{C28A46B8-A850-4A40-80BF-C2387EBC0C98}.Ad-Hoc|iPhone.Build.0 = Release|x86
		{C28A46B8-A850-4A40-80BF-C2387EBC0C98}.Ad-Hoc|iPhone.Deploy.0 = Release|x86
		{C28A46B8-A850-4A40-80BF-C2387EBC0C98}.Ad-Hoc|iPhoneSimulator.ActiveCfg = Release|x86
		{C28A46B8-A850-4A40-80BF-C2387EBC0C98}.Ad-Hoc|iPhoneSimulator.Build.0 = Release|x86
		{C28A46B8-A850-4A40-80BF-C2387EBC0C98}.Ad-Hoc|iPhoneSimulator.Deploy.0 = Release|x86
		{C28A46B8-A850-4A40-80BF-C2387EBC0C98}.Ad-Hoc|x64.ActiveCfg = Release|x64
		{C28A46B8-A850-4A40-80BF-C2387EBC0C98}.Ad-Hoc|x64.Build.0 = Release|x64
		{C28A46B8-A850-4A40-80BF-C2387EBC0C98}.Ad-Hoc|x64.Deploy.0 = Release|x64
		{C28A46B8-A850-4A40-80BF-C2387EBC0C98}.Ad-Hoc|x86.ActiveCfg = Release|x86
		{C28A46B8-A850-4A40-80BF-C2387EBC0C98}.Ad-Hoc|x86.Build.0 = Release|x86
		{C28A46B8-A850-4A40-80BF-C2387EBC0C98}.Ad-Hoc|x86.Deploy.0 = Release|x86
		{C28A46B8-A850-4A40-80BF-C2387EBC0C98}.AppStore|Any CPU.ActiveCfg = Release|x86
		{C28A46B8-A850-4A40-80BF-C2387EBC0C98}.AppStore|Any CPU.Build.0 = Release|x86
		{C28A46B8-A850-4A40-80BF-C2387EBC0C98}.AppStore|Any CPU.Deploy.0 = Release|x86
		{C28A46B8-A850-4A40-80BF-C2387EBC0C98}.AppStore|ARM.ActiveCfg = Release|ARM
		{C28A46B8-A850-4A40-80BF-C2387EBC0C98}.AppStore|ARM.Build.0 = Release|ARM
		{C28A46B8-A850-4A40-80BF-C2387EBC0C98}.AppStore|ARM.Deploy.0 = Release|ARM
		{C28A46B8-A850-4A40-80BF-C2387EBC0C98}.AppStore|iPhone.ActiveCfg = Release|x86
		{C28A46B8-A850-4A40-80BF-C2387EBC0C98}.AppStore|iPhone.Build.0 = Release|x86
		{C28A46B8-A850-4A40-80BF-C2387EBC0C98}.AppStore|iPhone.Deploy.0 = Release|x86
		{C28A46B8-A850-4A40-80BF-C2387EBC0C98}.AppStore|iPhoneSimulator.ActiveCfg = Release|x86
		{C28A46B8-A850-4A40-80BF-C2387EBC0C98}.AppStore|iPhoneSimulator.Build.0 = Release|x86
		{C28A46B8-A850-4A40-80BF-C2387EBC0C98}.AppStore|iPhoneSimulator.Deploy.0 = Release|x86
		{C28A46B8-A850-4A40-80BF-C2387EBC0C98}.AppStore|x64.ActiveCfg = Release|x64
		{C28A46B8-A850-4A40-80BF-C2387EBC0C98}.AppStore|x64.Build.0 = Release|x64
		{C28A46B8-A850-4A40-80BF-C2387EBC0C98}.AppStore|x64.Deploy.0 = Release|x64
		{C28A46B8-A850-4A40-80BF-C2387EBC0C98}.AppStore|x86.ActiveCfg = Release|x86
		{C28A46B8-A850-4A40-80BF-C2387EBC0C98}.AppStore|x86.Build.0 = Release|x86
		{C28A46B8-A850-4A40-80BF-C2387EBC0C98}.AppStore|x86.Deploy.0 = Release|x86
		{C28A46B8-A850-4A40-80BF-C2387EBC0C98}.Debug|Any CPU.ActiveCfg = Debug|x86
		{C28A46B8-A850-4A40-80BF-C2387EBC0C98}.Debug|ARM.ActiveCfg = Debug|ARM
		{C28A46B8-A850-4A40-80BF-C2387EBC0C98}.Debug|ARM.Build.0 = Debug|ARM
		{C28A46B8-A850-4A40-80BF-C2387EBC0C98}.Debug|ARM.Deploy.0 = Debug|ARM
		{C28A46B8-A850-4A40-80BF-C2387EBC0C98}.Debug|iPhone.ActiveCfg = Debug|x86
		{C28A46B8-A850-4A40-80BF-C2387EBC0C98}.Debug|iPhoneSimulator.ActiveCfg = Debug|x86
		{C28A46B8-A850-4A40-80BF-C2387EBC0C98}.Debug|x64.ActiveCfg = Debug|x64
		{C28A46B8-A850-4A40-80BF-C2387EBC0C98}.Debug|x64.Build.0 = Debug|x64
		{C28A46B8-A850-4A40-80BF-C2387EBC0C98}.Debug|x64.Deploy.0 = Debug|x64
		{C28A46B8-A850-4A40-80BF-C2387EBC0C98}.Debug|x86.ActiveCfg = Debug|x86
		{C28A46B8-A850-4A40-80BF-C2387EBC0C98}.Debug|x86.Build.0 = Debug|x86
		{C28A46B8-A850-4A40-80BF-C2387EBC0C98}.Debug|x86.Deploy.0 = Debug|x86
		{C28A46B8-A850-4A40-80BF-C2387EBC0C98}.Release|Any CPU.ActiveCfg = Release|x86
		{C28A46B8-A850-4A40-80BF-C2387EBC0C98}.Release|ARM.ActiveCfg = Release|ARM
		{C28A46B8-A850-4A40-80BF-C2387EBC0C98}.Release|ARM.Build.0 = Release|ARM
		{C28A46B8-A850-4A40-80BF-C2387EBC0C98}.Release|ARM.Deploy.0 = Release|ARM
		{C28A46B8-A850-4A40-80BF-C2387EBC0C98}.Release|iPhone.ActiveCfg = Release|x86
		{C28A46B8-A850-4A40-80BF-C2387EBC0C98}.Release|iPhoneSimulator.ActiveCfg = Release|x86
		{C28A46B8-A850-4A40-80BF-C2387EBC0C98}.Release|x64.ActiveCfg = Release|x64
		{C28A46B8-A850-4A40-80BF-C2387EBC0C98}.Release|x64.Build.0 = Release|x64
		{C28A46B8-A850-4A40-80BF-C2387EBC0C98}.Release|x64.Deploy.0 = Release|x64
		{C28A46B8-A850-4A40-80BF-C2387EBC0C98}.Release|x86.ActiveCfg = Release|x86
		{C28A46B8-A850-4A40-80BF-C2387EBC0C98}.Release|x86.Build.0 = Release|x86
		{C28A46B8-A850-4A40-80BF-C2387EBC0C98}.Release|x86.Deploy.0 = Release|x86
		{C5817A59-E491-4B61-84D7-B2B742DD9369}.Ad-Hoc|Any CPU.ActiveCfg = Debug|Any CPU
		{C5817A59-E491-4B61-84D7-B2B742DD9369}.Ad-Hoc|Any CPU.Build.0 = Debug|Any CPU
		{C5817A59-E491-4B61-84D7-B2B742DD9369}.Ad-Hoc|ARM.ActiveCfg = Debug|Any CPU
		{C5817A59-E491-4B61-84D7-B2B742DD9369}.Ad-Hoc|ARM.Build.0 = Debug|Any CPU
		{C5817A59-E491-4B61-84D7-B2B742DD9369}.Ad-Hoc|iPhone.ActiveCfg = Debug|Any CPU
		{C5817A59-E491-4B61-84D7-B2B742DD9369}.Ad-Hoc|iPhone.Build.0 = Debug|Any CPU
		{C5817A59-E491-4B61-84D7-B2B742DD9369}.Ad-Hoc|iPhoneSimulator.ActiveCfg = Debug|Any CPU
		{C5817A59-E491-4B61-84D7-B2B742DD9369}.Ad-Hoc|iPhoneSimulator.Build.0 = Debug|Any CPU
		{C5817A59-E491-4B61-84D7-B2B742DD9369}.Ad-Hoc|x64.ActiveCfg = Debug|Any CPU
		{C5817A59-E491-4B61-84D7-B2B742DD9369}.Ad-Hoc|x64.Build.0 = Debug|Any CPU
		{C5817A59-E491-4B61-84D7-B2B742DD9369}.Ad-Hoc|x86.ActiveCfg = Debug|Any CPU
		{C5817A59-E491-4B61-84D7-B2B742DD9369}.Ad-Hoc|x86.Build.0 = Debug|Any CPU
		{C5817A59-E491-4B61-84D7-B2B742DD9369}.AppStore|Any CPU.ActiveCfg = Debug|Any CPU
		{C5817A59-E491-4B61-84D7-B2B742DD9369}.AppStore|Any CPU.Build.0 = Debug|Any CPU
		{C5817A59-E491-4B61-84D7-B2B742DD9369}.AppStore|ARM.ActiveCfg = Debug|Any CPU
		{C5817A59-E491-4B61-84D7-B2B742DD9369}.AppStore|ARM.Build.0 = Debug|Any CPU
		{C5817A59-E491-4B61-84D7-B2B742DD9369}.AppStore|iPhone.ActiveCfg = Debug|Any CPU
		{C5817A59-E491-4B61-84D7-B2B742DD9369}.AppStore|iPhone.Build.0 = Debug|Any CPU
		{C5817A59-E491-4B61-84D7-B2B742DD9369}.AppStore|iPhoneSimulator.ActiveCfg = Debug|Any CPU
		{C5817A59-E491-4B61-84D7-B2B742DD9369}.AppStore|iPhoneSimulator.Build.0 = Debug|Any CPU
		{C5817A59-E491-4B61-84D7-B2B742DD9369}.AppStore|x64.ActiveCfg = Debug|Any CPU
		{C5817A59-E491-4B61-84D7-B2B742DD9369}.AppStore|x64.Build.0 = Debug|Any CPU
		{C5817A59-E491-4B61-84D7-B2B742DD9369}.AppStore|x86.ActiveCfg = Debug|Any CPU
		{C5817A59-E491-4B61-84D7-B2B742DD9369}.AppStore|x86.Build.0 = Debug|Any CPU
		{C5817A59-E491-4B61-84D7-B2B742DD9369}.Debug|Any CPU.ActiveCfg = Debug|Any CPU
		{C5817A59-E491-4B61-84D7-B2B742DD9369}.Debug|Any CPU.Build.0 = Debug|Any CPU
		{C5817A59-E491-4B61-84D7-B2B742DD9369}.Debug|ARM.ActiveCfg = Debug|Any CPU
		{C5817A59-E491-4B61-84D7-B2B742DD9369}.Debug|ARM.Build.0 = Debug|Any CPU
		{C5817A59-E491-4B61-84D7-B2B742DD9369}.Debug|iPhone.ActiveCfg = Debug|Any CPU
		{C5817A59-E491-4B61-84D7-B2B742DD9369}.Debug|iPhone.Build.0 = Debug|Any CPU
		{C5817A59-E491-4B61-84D7-B2B742DD9369}.Debug|iPhoneSimulator.ActiveCfg = Debug|Any CPU
		{C5817A59-E491-4B61-84D7-B2B742DD9369}.Debug|iPhoneSimulator.Build.0 = Debug|Any CPU
		{C5817A59-E491-4B61-84D7-B2B742DD9369}.Debug|x64.ActiveCfg = Debug|Any CPU
		{C5817A59-E491-4B61-84D7-B2B742DD9369}.Debug|x64.Build.0 = Debug|Any CPU
		{C5817A59-E491-4B61-84D7-B2B742DD9369}.Debug|x86.ActiveCfg = Debug|Any CPU
		{C5817A59-E491-4B61-84D7-B2B742DD9369}.Debug|x86.Build.0 = Debug|Any CPU
		{C5817A59-E491-4B61-84D7-B2B742DD9369}.Release|Any CPU.ActiveCfg = Release|Any CPU
		{C5817A59-E491-4B61-84D7-B2B742DD9369}.Release|Any CPU.Build.0 = Release|Any CPU
		{C5817A59-E491-4B61-84D7-B2B742DD9369}.Release|ARM.ActiveCfg = Release|Any CPU
		{C5817A59-E491-4B61-84D7-B2B742DD9369}.Release|ARM.Build.0 = Release|Any CPU
		{C5817A59-E491-4B61-84D7-B2B742DD9369}.Release|iPhone.ActiveCfg = Release|Any CPU
		{C5817A59-E491-4B61-84D7-B2B742DD9369}.Release|iPhone.Build.0 = Release|Any CPU
		{C5817A59-E491-4B61-84D7-B2B742DD9369}.Release|iPhoneSimulator.ActiveCfg = Release|Any CPU
		{C5817A59-E491-4B61-84D7-B2B742DD9369}.Release|iPhoneSimulator.Build.0 = Release|Any CPU
		{C5817A59-E491-4B61-84D7-B2B742DD9369}.Release|x64.ActiveCfg = Release|Any CPU
		{C5817A59-E491-4B61-84D7-B2B742DD9369}.Release|x64.Build.0 = Release|Any CPU
		{C5817A59-E491-4B61-84D7-B2B742DD9369}.Release|x86.ActiveCfg = Release|Any CPU
		{C5817A59-E491-4B61-84D7-B2B742DD9369}.Release|x86.Build.0 = Release|Any CPU
	EndGlobalSection
	GlobalSection(SolutionProperties) = preSolution
		HideSolutionNode = FALSE
	EndGlobalSection
	GlobalSection(NestedProjects) = preSolution
		{51F6D6CA-4005-49AF-BC57-07C4F9E79255} = {0BDA4053-E61A-455E-878D-D596385C4621}
		{9BC8DF1A-BB50-4C1E-9797-7583A3B827C8} = {0BDA4053-E61A-455E-878D-D596385C4621}
		{C28A46B8-A850-4A40-80BF-C2387EBC0C98} = {0BDA4053-E61A-455E-878D-D596385C4621}
		{C5817A59-E491-4B61-84D7-B2B742DD9369} = {0BDA4053-E61A-455E-878D-D596385C4621}
	EndGlobalSection
	GlobalSection(ExtensibilityGlobals) = postSolution
		SolutionGuid = {585CDD1D-EE30-4D35-9D56-B6BE31996A1D}
	EndGlobalSection
EndGlobal
